
Microsoft Visual Studio Solution File, Format Version 12.00
Project("{FAE04EC0-301F-11D3-BF4B-00C04F79EFBC}") = "ToDoList", "ToDoList\ToDoList.csproj", "{81FCD621-51BE-4A9E-92D7-EA320CF580AA}"
EndProject
Global
	GlobalSection(SolutionConfigurationPlatforms) = preSolution
		Debug|Any CPU = Debug|Any CPU
		Release|Any CPU = Release|Any CPU
	EndGlobalSection
	GlobalSection(ProjectConfigurationPlatforms) = postSolution
		{81FCD621-51BE-4A9E-92D7-EA320CF580AA}.Debug|Any CPU.ActiveCfg = Debug|Any CPU
		{81FCD621-51BE-4A9E-92D7-EA320CF580AA}.Debug|Any CPU.Build.0 = Debug|Any CPU
		{81FCD621-51BE-4A9E-92D7-EA320CF580AA}.Release|Any CPU.ActiveCfg = Release|Any CPU
		{81FCD621-51BE-4A9E-92D7-EA320CF580AA}.Release|Any CPU.Build.0 = Release|Any CPU
	EndGlobalSection
EndGlobal
